
Microsoft Visual Studio Solution File, Format Version 12.00
# Visual Studio Version 16
VisualStudioVersion = 16.0.29306.81
MinimumVisualStudioVersion = 10.0.40219.1
Project("{FAE04EC0-301F-11D3-BF4B-00C04F79EFBC}") = "WindowsFormsApp2", "WindowsFormsApp2\WindowsFormsApp2.csproj", "{0EED29CE-E2DB-4A05-B520-D223A11AC7A0}"
EndProject
Global
	GlobalSection(SolutionConfigurationPlatforms) = preSolution
		Debug|Any CPU = Debug|Any CPU
		Release|Any CPU = Release|Any CPU
	EndGlobalSection
	GlobalSection(ProjectConfigurationPlatforms) = postSolution
		{0EED29CE-E2DB-4A05-B520-D223A11AC7A0}.Debug|Any CPU.ActiveCfg = Debug|Any CPU
		{0EED29CE-E2DB-4A05-B520-D223A11AC7A0}.Debug|Any CPU.Build.0 = Debug|Any CPU
		{0EED29CE-E2DB-4A05-B520-D223A11AC7A0}.Release|Any CPU.ActiveCfg = Release|Any CPU
		{0EED29CE-E2DB-4A05-B520-D223A11AC7A0}.Release|Any CPU.Build.0 = Release|Any CPU
	EndGlobalSection
	GlobalSection(SolutionProperties) = preSolution
		HideSolutionNode = FALSE
	EndGlobalSection
	GlobalSection(ExtensibilityGlobals) = postSolution
		SolutionGuid = {13C00D19-EBEF-458D-ACAC-A0062DF49163}
	EndGlobalSection
EndGlobal
